{
  "name": "dynamic-epistemic-logic",
  "version": "1.0.0",
  "lockfileVersion": 2,
  "requires": true,
  "packages": {
    "": {
      "name": "dynamic-epistemic-logic",
      "version": "1.0.0",
      "license": "ISC",
      "dependencies": {
        "formula-parser": "^2.0.1"
      }
    },
    "node_modules/formula-parser": {
      "version": "2.0.1",
      "resolved": "https://registry.npmjs.org/formula-parser/-/formula-parser-2.0.1.tgz",
      "integrity": "sha512-2DU4TtN+tXfwDVm2mrdy+hQ9hn6uDDltduOmjx77j0Q2O2w+/11AgGPr+AKSY93lJVmkcGYEkiJjQ+13t6Py9g=="
    }
  },
  "dependencies": {
    "formula-parser": {
      "version": "2.0.1",
      "resolved": "https://registry.npmjs.org/formula-parser/-/formula-parser-2.0.1.tgz",
      "integrity": "sha512-2DU4TtN+tXfwDVm2mrdy+hQ9hn6uDDltduOmjx77j0Q2O2w+/11AgGPr+AKSY93lJVmkcGYEkiJjQ+13t6Py9g=="
    }
  }
}
